// !$*UTF8*$!
{
	archiveVersion = 1;
	classes = {
	};
	objectVersion = 50;
	objects = {

/* Begin PBXBuildFile section */
		78A6041125686E580085DE4A /* PopularDestinationsView.swift in Sources */ = {isa = PBXBuildFile; fileRef = 78A6041025686E580085DE4A /* PopularDestinationsView.swift */; };
		78A6041625686F710085DE4A /* PopularRestaurantsView.swift in Sources */ = {isa = PBXBuildFile; fileRef = 78A6041525686F710085DE4A /* PopularRestaurantsView.swift */; };
		78A6041B25686FE60085DE4A /* DiscoverCategoriesView.swift in Sources */ = {isa = PBXBuildFile; fileRef = 78A6041A25686FE60085DE4A /* DiscoverCategoriesView.swift */; };
		78A60420256870130085DE4A /* TrendingCategoriesView.swift in Sources */ = {isa = PBXBuildFile; fileRef = 78A6041F256870130085DE4A /* TrendingCategoriesView.swift */; };
		78A60427256870ED0085DE4A /* Destination.swift in Sources */ = {isa = PBXBuildFile; fileRef = 78A60426256870ED0085DE4A /* Destination.swift */; };
		78A6042F256871050085DE4A /* Category.swift in Sources */ = {isa = PBXBuildFile; fileRef = 78A6042E256871050085DE4A /* Category.swift */; };
		78A60434256871250085DE4A /* User.swift in Sources */ = {isa = PBXBuildFile; fileRef = 78A60433256871250085DE4A /* User.swift */; };
		78A604392568713D0085DE4A /* Restaurant.swift in Sources */ = {isa = PBXBuildFile; fileRef = 78A604382568713D0085DE4A /* Restaurant.swift */; };
		78A6043F25687B330085DE4A /* TileModifier.swift in Sources */ = {isa = PBXBuildFile; fileRef = 78A6043E25687B330085DE4A /* TileModifier.swift */; };
		78EA3C6F2564AC19008F1D61 /* TravelApp.swift in Sources */ = {isa = PBXBuildFile; fileRef = 78EA3C6E2564AC19008F1D61 /* TravelApp.swift */; };
		78EA3C712564AC19008F1D61 /* DiscoverView.swift in Sources */ = {isa = PBXBuildFile; fileRef = 78EA3C702564AC19008F1D61 /* DiscoverView.swift */; };
		78EA3C732564AC1A008F1D61 /* Assets.xcassets in Resources */ = {isa = PBXBuildFile; fileRef = 78EA3C722564AC1A008F1D61 /* Assets.xcassets */; };
		78EA3C762564AC1A008F1D61 /* Preview Assets.xcassets in Resources */ = {isa = PBXBuildFile; fileRef = 78EA3C752564AC1A008F1D61 /* Preview Assets.xcassets */; };
		78EA3C812564AC1A008F1D61 /* TravelAppTests.swift in Sources */ = {isa = PBXBuildFile; fileRef = 78EA3C802564AC1A008F1D61 /* TravelAppTests.swift */; };
		78EA3C8C2564AC1B008F1D61 /* TravelAppUITests.swift in Sources */ = {isa = PBXBuildFile; fileRef = 78EA3C8B2564AC1B008F1D61 /* TravelAppUITests.swift */; };
/* End PBXBuildFile section */

/* Begin PBXContainerItemProxy section */
		78EA3C7D2564AC1A008F1D61 /* PBXContainerItemProxy */ = {
			isa = PBXContainerItemProxy;
			containerPortal = 78EA3C632564AC19008F1D61 /* Project object */;
			proxyType = 1;
			remoteGlobalIDString = 78EA3C6A2564AC19008F1D61;
			remoteInfo = TravelApp;
		};
		78EA3C882564AC1B008F1D61 /* PBXContainerItemProxy */ = {
			isa = PBXContainerItemProxy;
			containerPortal = 78EA3C632564AC19008F1D61 /* Project object */;
			proxyType = 1;
			remoteGlobalIDString = 78EA3C6A2564AC19008F1D61;
			remoteInfo = TravelApp;
		};
/* End PBXContainerItemProxy section */

/* Begin PBXFileReference section */
		78A6041025686E580085DE4A /* PopularDestinationsView.swift */ = {isa = PBXFileReference; lastKnownFileType = sourcecode.swift; path = PopularDestinationsView.swift; sourceTree = "<group>"; };
		78A6041525686F710085DE4A /* PopularRestaurantsView.swift */ = {isa = PBXFileReference; lastKnownFileType = sourcecode.swift; path = PopularRestaurantsView.swift; sourceTree = "<group>"; };
		78A6041A25686FE60085DE4A /* DiscoverCategoriesView.swift */ = {isa = PBXFileReference; lastKnownFileType = sourcecode.swift; path = DiscoverCategoriesView.swift; sourceTree = "<group>"; };
		78A6041F256870130085DE4A /* TrendingCategoriesView.swift */ = {isa = PBXFileReference; lastKnownFileType = sourcecode.swift; path = TrendingCategoriesView.swift; sourceTree = "<group>"; };
		78A60426256870ED0085DE4A /* Destination.swift */ = {isa = PBXFileReference; lastKnownFileType = sourcecode.swift; path = Destination.swift; sourceTree = "<group>"; };
		78A6042E256871050085DE4A /* Category.swift */ = {isa = PBXFileReference; lastKnownFileType = sourcecode.swift; path = Category.swift; sourceTree = "<group>"; };
		78A60433256871250085DE4A /* User.swift */ = {isa = PBXFileReference; lastKnownFileType = sourcecode.swift; path = User.swift; sourceTree = "<group>"; };
		78A604382568713D0085DE4A /* Restaurant.swift */ = {isa = PBXFileReference; lastKnownFileType = sourcecode.swift; path = Restaurant.swift; sourceTree = "<group>"; };
		78A6043E25687B330085DE4A /* TileModifier.swift */ = {isa = PBXFileReference; lastKnownFileType = sourcecode.swift; path = TileModifier.swift; sourceTree = "<group>"; };
		78EA3C6B2564AC19008F1D61 /* TravelApp.app */ = {isa = PBXFileReference; explicitFileType = wrapper.application; includeInIndex = 0; path = TravelApp.app; sourceTree = BUILT_PRODUCTS_DIR; };
		78EA3C6E2564AC19008F1D61 /* TravelApp.swift */ = {isa = PBXFileReference; lastKnownFileType = sourcecode.swift; path = TravelApp.swift; sourceTree = "<group>"; };
		78EA3C702564AC19008F1D61 /* DiscoverView.swift */ = {isa = PBXFileReference; lastKnownFileType = sourcecode.swift; path = DiscoverView.swift; sourceTree = "<group>"; };
		78EA3C722564AC1A008F1D61 /* Assets.xcassets */ = {isa = PBXFileReference; lastKnownFileType = folder.assetcatalog; path = Assets.xcassets; sourceTree = "<group>"; };
		78EA3C752564AC1A008F1D61 /* Preview Assets.xcassets */ = {isa = PBXFileReference; lastKnownFileType = folder.assetcatalog; path = "Preview Assets.xcassets"; sourceTree = "<group>"; };
		78EA3C772564AC1A008F1D61 /* Info.plist */ = {isa = PBXFileReference; lastKnownFileType = text.plist.xml; path = Info.plist; sourceTree = "<group>"; };
		78EA3C7C2564AC1A008F1D61 /* TravelAppTests.xctest */ = {isa = PBXFileReference; explicitFileType = wrapper.cfbundle; includeInIndex = 0; path = TravelAppTests.xctest; sourceTree = BUILT_PRODUCTS_DIR; };
		78EA3C802564AC1A008F1D61 /* TravelAppTests.swift */ = {isa = PBXFileReference; lastKnownFileType = sourcecode.swift; path = TravelAppTests.swift; sourceTree = "<group>"; };
		78EA3C822564AC1A008F1D61 /* Info.plist */ = {isa = PBXFileReference; lastKnownFileType = text.plist.xml; path = Info.plist; sourceTree = "<group>"; };
		78EA3C872564AC1B008F1D61 /* TravelAppUITests.xctest */ = {isa = PBXFileReference; explicitFileType = wrapper.cfbundle; includeInIndex = 0; path = TravelAppUITests.xctest; sourceTree = BUILT_PRODUCTS_DIR; };
		78EA3C8B2564AC1B008F1D61 /* TravelAppUITests.swift */ = {isa = PBXFileReference; lastKnownFileType = sourcecode.swift; path = TravelAppUITests.swift; sourceTree = "<group>"; };
		78EA3C8D2564AC1B008F1D61 /* Info.plist */ = {isa = PBXFileReference; lastKnownFileType = text.plist.xml; path = Info.plist; sourceTree = "<group>"; };
/* End PBXFileReference section */

/* Begin PBXFrameworksBuildPhase section */
		78EA3C682564AC19008F1D61 /* Frameworks */ = {
			isa = PBXFrameworksBuildPhase;
			buildActionMask = 2147483647;
			files = (
			);
			runOnlyForDeploymentPostprocessing = 0;
		};
		78EA3C792564AC1A008F1D61 /* Frameworks */ = {
			isa = PBXFrameworksBuildPhase;
			buildActionMask = 2147483647;
			files = (
			);
			runOnlyForDeploymentPostprocessing = 0;
		};
		78EA3C842564AC1B008F1D61 /* Frameworks */ = {
			isa = PBXFrameworksBuildPhase;
			buildActionMask = 2147483647;
			files = (
			);
			runOnlyForDeploymentPostprocessing = 0;
		};
/* End PBXFrameworksBuildPhase section */

/* Begin PBXGroup section */
		78A6040925686CDE0085DE4A /* Discover */ = {
			isa = PBXGroup;
			children = (
				78EA3C702564AC19008F1D61 /* DiscoverView.swift */,
				78A6041F256870130085DE4A /* TrendingCategoriesView.swift */,
				78A6041A25686FE60085DE4A /* DiscoverCategoriesView.swift */,
				78A6041525686F710085DE4A /* PopularRestaurantsView.swift */,
				78A6041025686E580085DE4A /* PopularDestinationsView.swift */,
			);
			path = Discover;
			sourceTree = "<group>";
		};
		78A60425256870BE0085DE4A /* Models */ = {
			isa = PBXGroup;
			children = (
				78A60426256870ED0085DE4A /* Destination.swift */,
				78A6042E256871050085DE4A /* Category.swift */,
				78A60433256871250085DE4A /* User.swift */,
				78A604382568713D0085DE4A /* Restaurant.swift */,
			);
			path = Models;
			sourceTree = "<group>";
		};
		78A6043D25687B170085DE4A /* Utility */ = {
			isa = PBXGroup;
			children = (
				78A6043E25687B330085DE4A /* TileModifier.swift */,
			);
			path = Utility;
			sourceTree = "<group>";
		};
		78EA3C622564AC19008F1D61 = {
			isa = PBXGroup;
			children = (
				78EA3C6D2564AC19008F1D61 /* TravelApp */,
				78EA3C7F2564AC1A008F1D61 /* TravelAppTests */,
				78EA3C8A2564AC1B008F1D61 /* TravelAppUITests */,
				78EA3C6C2564AC19008F1D61 /* Products */,
			);
			sourceTree = "<group>";
		};
		78EA3C6C2564AC19008F1D61 /* Products */ = {
			isa = PBXGroup;
			children = (
				78EA3C6B2564AC19008F1D61 /* TravelApp.app */,
				78EA3C7C2564AC1A008F1D61 /* TravelAppTests.xctest */,
				78EA3C872564AC1B008F1D61 /* TravelAppUITests.xctest */,
			);
			name = Products;
			sourceTree = "<group>";
		};
		78EA3C6D2564AC19008F1D61 /* TravelApp */ = {
			isa = PBXGroup;
			children = (
				78A6043D25687B170085DE4A /* Utility */,
				78A60425256870BE0085DE4A /* Models */,
				78A6040925686CDE0085DE4A /* Discover */,
				78EA3C6E2564AC19008F1D61 /* TravelApp.swift */,
				78EA3C722564AC1A008F1D61 /* Assets.xcassets */,
				78EA3C772564AC1A008F1D61 /* Info.plist */,
				78EA3C742564AC1A008F1D61 /* Preview Content */,
			);
			path = TravelApp;
			sourceTree = "<group>";
		};
		78EA3C742564AC1A008F1D61 /* Preview Content */ = {
			isa = PBXGroup;
			children = (
				78EA3C752564AC1A008F1D61 /* Preview Assets.xcassets */,
			);
			path = "Preview Content";
			sourceTree = "<group>";
		};
		78EA3C7F2564AC1A008F1D61 /* TravelAppTests */ = {
			isa = PBXGroup;
			children = (
				78EA3C802564AC1A008F1D61 /* TravelAppTests.swift */,
				78EA3C822564AC1A008F1D61 /* Info.plist */,
			);
			path = TravelAppTests;
			sourceTree = "<group>";
		};
		78EA3C8A2564AC1B008F1D61 /* TravelAppUITests */ = {
			isa = PBXGroup;
			children = (
				78EA3C8B2564AC1B008F1D61 /* TravelAppUITests.swift */,
				78EA3C8D2564AC1B008F1D61 /* Info.plist */,
			);
			path = TravelAppUITests;
			sourceTree = "<group>";
		};
/* End PBXGroup section */

/* Begin PBXNativeTarget section */
		78EA3C6A2564AC19008F1D61 /* TravelApp */ = {
			isa = PBXNativeTarget;
			buildConfigurationList = 78EA3C902564AC1B008F1D61 /* Build configuration list for PBXNativeTarget "TravelApp" */;
			buildPhases = (
				78EA3C672564AC19008F1D61 /* Sources */,
				78EA3C682564AC19008F1D61 /* Frameworks */,
				78EA3C692564AC19008F1D61 /* Resources */,
			);
			buildRules = (
			);
			dependencies = (
			);
			name = TravelApp;
			productName = TravelApp;
			productReference = 78EA3C6B2564AC19008F1D61 /* TravelApp.app */;
			productType = "com.apple.product-type.application";
		};
		78EA3C7B2564AC1A008F1D61 /* TravelAppTests */ = {
			isa = PBXNativeTarget;
			buildConfigurationList = 78EA3C932564AC1B008F1D61 /* Build configuration list for PBXNativeTarget "TravelAppTests" */;
			buildPhases = (
				78EA3C782564AC1A008F1D61 /* Sources */,
				78EA3C792564AC1A008F1D61 /* Frameworks */,
				78EA3C7A2564AC1A008F1D61 /* Resources */,
			);
			buildRules = (
			);
			dependencies = (
				78EA3C7E2564AC1A008F1D61 /* PBXTargetDependency */,
			);
			name = TravelAppTests;
			productName = TravelAppTests;
			productReference = 78EA3C7C2564AC1A008F1D61 /* TravelAppTests.xctest */;
			productType = "com.apple.product-type.bundle.unit-test";
		};
		78EA3C862564AC1B008F1D61 /* TravelAppUITests */ = {
			isa = PBXNativeTarget;
			buildConfigurationList = 78EA3C962564AC1B008F1D61 /* Build configuration list for PBXNativeTarget "TravelAppUITests" */;
			buildPhases = (
				78EA3C832564AC1B008F1D61 /* Sources */,
				78EA3C842564AC1B008F1D61 /* Frameworks */,
				78EA3C852564AC1B008F1D61 /* Resources */,
			);
			buildRules = (
			);
			dependencies = (
				78EA3C892564AC1B008F1D61 /* PBXTargetDependency */,
			);
			name = TravelAppUITests;
			productName = TravelAppUITests;
			productReference = 78EA3C872564AC1B008F1D61 /* TravelAppUITests.xctest */;
			productType = "com.apple.product-type.bundle.ui-testing";
		};
/* End PBXNativeTarget section */

/* Begin PBXProject section */
		78EA3C632564AC19008F1D61 /* Project object */ = {
			isa = PBXProject;
			attributes = {
				LastSwiftUpdateCheck = 1210;
				LastUpgradeCheck = 1210;
				TargetAttributes = {
					78EA3C6A2564AC19008F1D61 = {
						CreatedOnToolsVersion = 12.1;
					};
					78EA3C7B2564AC1A008F1D61 = {
						CreatedOnToolsVersion = 12.1;
						TestTargetID = 78EA3C6A2564AC19008F1D61;
					};
					78EA3C862564AC1B008F1D61 = {
						CreatedOnToolsVersion = 12.1;
						TestTargetID = 78EA3C6A2564AC19008F1D61;
					};
				};
			};
			buildConfigurationList = 78EA3C662564AC19008F1D61 /* Build configuration list for PBXProject "TravelApp" */;
			compatibilityVersion = "Xcode 9.3";
			developmentRegion = en;
			hasScannedForEncodings = 0;
			knownRegions = (
				en,
				Base,
			);
			mainGroup = 78EA3C622564AC19008F1D61;
			productRefGroup = 78EA3C6C2564AC19008F1D61 /* Products */;
			projectDirPath = "";
			projectRoot = "";
			targets = (
				78EA3C6A2564AC19008F1D61 /* TravelApp */,
				78EA3C7B2564AC1A008F1D61 /* TravelAppTests */,
				78EA3C862564AC1B008F1D61 /* TravelAppUITests */,
			);
		};
/* End PBXProject section */

/* Begin PBXResourcesBuildPhase section */
		78EA3C692564AC19008F1D61 /* Resources */ = {
			isa = PBXResourcesBuildPhase;
			buildActionMask = 2147483647;
			files = (
				78EA3C762564AC1A008F1D61 /* Preview Assets.xcassets in Resources */,
				78EA3C732564AC1A008F1D61 /* Assets.xcassets in Resources */,
			);
			runOnlyForDeploymentPostprocessing = 0;
		};
		78EA3C7A2564AC1A008F1D61 /* Resources */ = {
			isa = PBXResourcesBuildPhase;
			buildActionMask = 2147483647;
			files = (
			);
			runOnlyForDeploymentPostprocessing = 0;
		};
		78EA3C852564AC1B008F1D61 /* Resources */ = {
			isa = PBXResourcesBuildPhase;
			buildActionMask = 2147483647;
			files = (
			);
			runOnlyForDeploymentPostprocessing = 0;
		};
/* End PBXResourcesBuildPhase section */

/* Begin PBXSourcesBuildPhase section */
		78EA3C672564AC19008F1D61 /* Sources */ = {
			isa = PBXSourcesBuildPhase;
			buildActionMask = 2147483647;
			files = (
				78A604392568713D0085DE4A /* Restaurant.swift in Sources */,
				78A6043F25687B330085DE4A /* TileModifier.swift in Sources */,
				78A6041B25686FE60085DE4A /* DiscoverCategoriesView.swift in Sources */,
				78A60420256870130085DE4A /* TrendingCategoriesView.swift in Sources */,
				78A6041125686E580085DE4A /* PopularDestinationsView.swift in Sources */,
				78A6041625686F710085DE4A /* PopularRestaurantsView.swift in Sources */,
				78EA3C712564AC19008F1D61 /* DiscoverView.swift in Sources */,
				78A60434256871250085DE4A /* User.swift in Sources */,
				78EA3C6F2564AC19008F1D61 /* TravelApp.swift in Sources */,
				78A60427256870ED0085DE4A /* Destination.swift in Sources */,
				78A6042F256871050085DE4A /* Category.swift in Sources */,
			);
			runOnlyForDeploymentPostprocessing = 0;
		};
		78EA3C782564AC1A008F1D61 /* Sources */ = {
			isa = PBXSourcesBuildPhase;
			buildActionMask = 2147483647;
			files = (
				78EA3C812564AC1A008F1D61 /* TravelAppTests.swift in Sources */,
			);
			runOnlyForDeploymentPostprocessing = 0;
		};
		78EA3C832564AC1B008F1D61 /* Sources */ = {
			isa = PBXSourcesBuildPhase;
			buildActionMask = 2147483647;
			files = (
				78EA3C8C2564AC1B008F1D61 /* TravelAppUITests.swift in Sources */,
			);
			runOnlyForDeploymentPostprocessing = 0;
		};
/* End PBXSourcesBuildPhase section */

/* Begin PBXTargetDependency section */
		78EA3C7E2564AC1A008F1D61 /* PBXTargetDependency */ = {
			isa = PBXTargetDependency;
			target = 78EA3C6A2564AC19008F1D61 /* TravelApp */;
			targetProxy = 78EA3C7D2564AC1A008F1D61 /* PBXContainerItemProxy */;
		};
		78EA3C892564AC1B008F1D61 /* PBXTargetDependency */ = {
			isa = PBXTargetDependency;
			target = 78EA3C6A2564AC19008F1D61 /* TravelApp */;
			targetProxy = 78EA3C882564AC1B008F1D61 /* PBXContainerItemProxy */;
		};
/* End PBXTargetDependency section */

/* Begin XCBuildConfiguration section */
		78EA3C8E2564AC1B008F1D61 /* Debug */ = {
			isa = XCBuildConfiguration;
			buildSettings = {
				ALWAYS_SEARCH_USER_PATHS = NO;
				CLANG_ANALYZER_NONNULL = YES;
				CLANG_ANALYZER_NUMBER_OBJECT_CONVERSION = YES_AGGRESSIVE;
				CLANG_CXX_LANGUAGE_STANDARD = "gnu++14";
				CLANG_CXX_LIBRARY = "libc++";
				CLANG_ENABLE_MODULES = YES;
				CLANG_ENABLE_OBJC_ARC = YES;
				CLANG_ENABLE_OBJC_WEAK = YES;
				CLANG_WARN_BLOCK_CAPTURE_AUTORELEASING = YES;
				CLANG_WARN_BOOL_CONVERSION = YES;
				CLANG_WARN_COMMA = YES;
				CLANG_WARN_CONSTANT_CONVERSION = YES;
				CLANG_WARN_DEPRECATED_OBJC_IMPLEMENTATIONS = YES;
				CLANG_WARN_DIRECT_OBJC_ISA_USAGE = YES_ERROR;
				CLANG_WARN_DOCUMENTATION_COMMENTS = YES;
				CLANG_WARN_EMPTY_BODY = YES;
				CLANG_WARN_ENUM_CONVERSION = YES;
				CLANG_WARN_INFINITE_RECURSION = YES;
				CLANG_WARN_INT_CONVERSION = YES;
				CLANG_WARN_NON_LITERAL_NULL_CONVERSION = YES;
				CLANG_WARN_OBJC_IMPLICIT_RETAIN_SELF = YES;
				CLANG_WARN_OBJC_LITERAL_CONVERSION = YES;
				CLANG_WARN_OBJC_ROOT_CLASS = YES_ERROR;
				CLANG_WARN_QUOTED_INCLUDE_IN_FRAMEWORK_HEADER = YES;
				CLANG_WARN_RANGE_LOOP_ANALYSIS = YES;
				CLANG_WARN_STRICT_PROTOTYPES = YES;
				CLANG_WARN_SUSPICIOUS_MOVE = YES;
				CLANG_WARN_UNGUARDED_AVAILABILITY = YES_AGGRESSIVE;
				CLANG_WARN_UNREACHABLE_CODE = YES;
				CLANG_WARN__DUPLICATE_METHOD_MATCH = YES;
				COPY_PHASE_STRIP = NO;
				DEBUG_INFORMATION_FORMAT = dwarf;
				ENABLE_STRICT_OBJC_MSGSEND = YES;
				ENABLE_TESTABILITY = YES;
				GCC_C_LANGUAGE_STANDARD = gnu11;
				GCC_DYNAMIC_NO_PIC = NO;
				GCC_NO_COMMON_BLOCKS = YES;
				GCC_OPTIMIZATION_LEVEL = 0;
				GCC_PREPROCESSOR_DEFINITIONS = (
					"DEBUG=1",
					"$(inherited)",
				);
				GCC_WARN_64_TO_32_BIT_CONVERSION = YES;
				GCC_WARN_ABOUT_RETURN_TYPE = YES_ERROR;
				GCC_WARN_UNDECLARED_SELECTOR = YES;
				GCC_WARN_UNINITIALIZED_AUTOS = YES_AGGRESSIVE;
				GCC_WARN_UNUSED_FUNCTION = YES;
				GCC_WARN_UNUSED_VARIABLE = YES;
				IPHONEOS_DEPLOYMENT_TARGET = 14.1;
				MTL_ENABLE_DEBUG_INFO = INCLUDE_SOURCE;
				MTL_FAST_MATH = YES;
				ONLY_ACTIVE_ARCH = YES;
				SDKROOT = iphoneos;
				SWIFT_ACTIVE_COMPILATION_CONDITIONS = DEBUG;
				SWIFT_OPTIMIZATION_LEVEL = "-Onone";
			};
			name = Debug;
		};
		78EA3C8F2564AC1B008F1D61 /* Release */ = {
			isa = XCBuildConfiguration;
			buildSettings = {
				ALWAYS_SEARCH_USER_PATHS = NO;
				CLANG_ANALYZER_NONNULL = YES;
				CLANG_ANALYZER_NUMBER_OBJECT_CONVERSION = YES_AGGRESSIVE;
				CLANG_CXX_LANGUAGE_STANDARD = "gnu++14";
				CLANG_CXX_LIBRARY = "libc++";
				CLANG_ENABLE_MODULES = YES;
				CLANG_ENABLE_OBJC_ARC = YES;
				CLANG_ENABLE_OBJC_WEAK = YES;
				CLANG_WARN_BLOCK_CAPTURE_AUTORELEASING = YES;
				CLANG_WARN_BOOL_CONVERSION = YES;
				CLANG_WARN_COMMA = YES;
				CLANG_WARN_CONSTANT_CONVERSION = YES;
				CLANG_WARN_DEPRECATED_OBJC_IMPLEMENTATIONS = YES;
				CLANG_WARN_DIRECT_OBJC_ISA_USAGE = YES_ERROR;
				CLANG_WARN_DOCUMENTATION_COMMENTS = YES;
				CLANG_WARN_EMPTY_BODY = YES;
				CLANG_WARN_ENUM_CONVERSION = YES;
				CLANG_WARN_INFINITE_RECURSION = YES;
				CLANG_WARN_INT_CONVERSION = YES;
				CLANG_WARN_NON_LITERAL_NULL_CONVERSION = YES;
				CLANG_WARN_OBJC_IMPLICIT_RETAIN_SELF = YES;
				CLANG_WARN_OBJC_LITERAL_CONVERSION = YES;
				CLANG_WARN_OBJC_ROOT_CLASS = YES_ERROR;
				CLANG_WARN_QUOTED_INCLUDE_IN_FRAMEWORK_HEADER = YES;
				CLANG_WARN_RANGE_LOOP_ANALYSIS = YES;
				CLANG_WARN_STRICT_PROTOTYPES = YES;
				CLANG_WARN_SUSPICIOUS_MOVE = YES;
				CLANG_WARN_UNGUARDED_AVAILABILITY = YES_AGGRESSIVE;
				CLANG_WARN_UNREACHABLE_CODE = YES;
				CLANG_WARN__DUPLICATE_METHOD_MATCH = YES;
				COPY_PHASE_STRIP = NO;
				DEBUG_INFORMATION_FORMAT = "dwarf-with-dsym";
				ENABLE_NS_ASSERTIONS = NO;
				ENABLE_STRICT_OBJC_MSGSEND = YES;
				GCC_C_LANGUAGE_STANDARD = gnu11;
				GCC_NO_COMMON_BLOCKS = YES;
				GCC_WARN_64_TO_32_BIT_CONVERSION = YES;
				GCC_WARN_ABOUT_RETURN_TYPE = YES_ERROR;
				GCC_WARN_UNDECLARED_SELECTOR = YES;
				GCC_WARN_UNINITIALIZED_AUTOS = YES_AGGRESSIVE;
				GCC_WARN_UNUSED_FUNCTION = YES;
				GCC_WARN_UNUSED_VARIABLE = YES;
				IPHONEOS_DEPLOYMENT_TARGET = 14.1;
				MTL_ENABLE_DEBUG_INFO = NO;
				MTL_FAST_MATH = YES;
				SDKROOT = iphoneos;
				SWIFT_COMPILATION_MODE = wholemodule;
				SWIFT_OPTIMIZATION_LEVEL = "-O";
				VALIDATE_PRODUCT = YES;
			};
			name = Release;
		};
		78EA3C912564AC1B008F1D61 /* Debug */ = {
			isa = XCBuildConfiguration;
			buildSettings = {
				ASSETCATALOG_COMPILER_APPICON_NAME = AppIcon;
				ASSETCATALOG_COMPILER_GLOBAL_ACCENT_COLOR_NAME = AccentColor;
				CODE_SIGN_STYLE = Automatic;
				DEVELOPMENT_ASSET_PATHS = "\"TravelApp/Preview Content\"";
				DEVELOPMENT_TEAM = LR4SP9C264;
				ENABLE_PREVIEWS = YES;
				INFOPLIST_FILE = TravelApp/Info.plist;
				IPHONEOS_DEPLOYMENT_TARGET = 14.0;
				LD_RUNPATH_SEARCH_PATHS = (
					"$(inherited)",
					"@executable_path/Frameworks",
				);
				PRODUCT_BUNDLE_IDENTIFIER = com.artisanbranding.TravelApp;
				PRODUCT_NAME = "$(TARGET_NAME)";
				SWIFT_VERSION = 5.0;
				TARGETED_DEVICE_FAMILY = "1,2";
			};
			name = Debug;
		};
		78EA3C922564AC1B008F1D61 /* Release */ = {
			isa = XCBuildConfiguration;
			buildSettings = {
				ASSETCATALOG_COMPILER_APPICON_NAME = AppIcon;
				ASSETCATALOG_COMPILER_GLOBAL_ACCENT_COLOR_NAME = AccentColor;
				CODE_SIGN_STYLE = Automatic;
				DEVELOPMENT_ASSET_PATHS = "\"TravelApp/Preview Content\"";
				DEVELOPMENT_TEAM = LR4SP9C264;
				ENABLE_PREVIEWS = YES;
				INFOPLIST_FILE = TravelApp/Info.plist;
				IPHONEOS_DEPLOYMENT_TARGET = 14.0;
				LD_RUNPATH_SEARCH_PATHS = (
					"$(inherited)",
					"@executable_path/Frameworks",
				);
				PRODUCT_BUNDLE_IDENTIFIER = com.artisanbranding.TravelApp;
				PRODUCT_NAME = "$(TARGET_NAME)";
				SWIFT_VERSION = 5.0;
				TARGETED_DEVICE_FAMILY = "1,2";
			};
			name = Release;
		};
		78EA3C942564AC1B008F1D61 /* Debug */ = {
			isa = XCBuildConfiguration;
			buildSettings = {
				ALWAYS_EMBED_SWIFT_STANDARD_LIBRARIES = YES;
				BUNDLE_LOADER = "$(TEST_HOST)";
				CODE_SIGN_STYLE = Automatic;
				DEVELOPMENT_TEAM = LR4SP9C264;
				INFOPLIST_FILE = TravelAppTests/Info.plist;
				IPHONEOS_DEPLOYMENT_TARGET = 14.0;
				LD_RUNPATH_SEARCH_PATHS = (
					"$(inherited)",
					"@executable_path/Frameworks",
					"@loader_path/Frameworks",
				);
				PRODUCT_BUNDLE_IDENTIFIER = com.artisanbranding.TravelAppTests;
				PRODUCT_NAME = "$(TARGET_NAME)";
				SWIFT_VERSION = 5.0;
				TARGETED_DEVICE_FAMILY = "1,2";
				TEST_HOST = "$(BUILT_PRODUCTS_DIR)/TravelApp.app/TravelApp";
			};
			name = Debug;
		};
		78EA3C952564AC1B008F1D61 /* Release */ = {
			isa = XCBuildConfiguration;
			buildSettings = {
				ALWAYS_EMBED_SWIFT_STANDARD_LIBRARIES = YES;
				BUNDLE_LOADER = "$(TEST_HOST)";
				CODE_SIGN_STYLE = Automatic;
				DEVELOPMENT_TEAM = LR4SP9C264;
				INFOPLIST_FILE = TravelAppTests/Info.plist;
				IPHONEOS_DEPLOYMENT_TARGET = 14.0;
				LD_RUNPATH_SEARCH_PATHS = (
					"$(inherited)",
					"@executable_path/Frameworks",
					"@loader_path/Frameworks",
				);
				PRODUCT_BUNDLE_IDENTIFIER = com.artisanbranding.TravelAppTests;
				PRODUCT_NAME = "$(TARGET_NAME)";
				SWIFT_VERSION = 5.0;
				TARGETED_DEVICE_FAMILY = "1,2";
				TEST_HOST = "$(BUILT_PRODUCTS_DIR)/TravelApp.app/TravelApp";
			};
			name = Release;
		};
		78EA3C972564AC1B008F1D61 /* Debug */ = {
			isa = XCBuildConfiguration;
			buildSettings = {
				ALWAYS_EMBED_SWIFT_STANDARD_LIBRARIES = YES;
				CODE_SIGN_STYLE = Automatic;
				DEVELOPMENT_TEAM = LR4SP9C264;
				INFOPLIST_FILE = TravelAppUITests/Info.plist;
				LD_RUNPATH_SEARCH_PATHS = (
					"$(inherited)",
					"@executable_path/Frameworks",
					"@loader_path/Frameworks",
				);
				PRODUCT_BUNDLE_IDENTIFIER = com.artisanbranding.TravelAppUITests;
				PRODUCT_NAME = "$(TARGET_NAME)";
				SWIFT_VERSION = 5.0;
				TARGETED_DEVICE_FAMILY = "1,2";
				TEST_TARGET_NAME = TravelApp;
			};
			name = Debug;
		};
		78EA3C982564AC1B008F1D61 /* Release */ = {
			isa = XCBuildConfiguration;
			buildSettings = {
				ALWAYS_EMBED_SWIFT_STANDARD_LIBRARIES = YES;
				CODE_SIGN_STYLE = Automatic;
				DEVELOPMENT_TEAM = LR4SP9C264;
				INFOPLIST_FILE = TravelAppUITests/Info.plist;
				LD_RUNPATH_SEARCH_PATHS = (
					"$(inherited)",
					"@executable_path/Frameworks",
					"@loader_path/Frameworks",
				);
				PRODUCT_BUNDLE_IDENTIFIER = com.artisanbranding.TravelAppUITests;
				PRODUCT_NAME = "$(TARGET_NAME)";
				SWIFT_VERSION = 5.0;
				TARGETED_DEVICE_FAMILY = "1,2";
				TEST_TARGET_NAME = TravelApp;
			};
			name = Release;
		};
/* End XCBuildConfiguration section */

/* Begin XCConfigurationList section */
		78EA3C662564AC19008F1D61 /* Build configuration list for PBXProject "TravelApp" */ = {
			isa = XCConfigurationList;
			buildConfigurations = (
				78EA3C8E2564AC1B008F1D61 /* Debug */,
				78EA3C8F2564AC1B008F1D61 /* Release */,
			);
			defaultConfigurationIsVisible = 0;
			defaultConfigurationName = Release;
		};
		78EA3C902564AC1B008F1D61 /* Build configuration list for PBXNativeTarget "TravelApp" */ = {
			isa = XCConfigurationList;
			buildConfigurations = (
				78EA3C912564AC1B008F1D61 /* Debug */,
				78EA3C922564AC1B008F1D61 /* Release */,
			);
			defaultConfigurationIsVisible = 0;
			defaultConfigurationName = Release;
		};
		78EA3C932564AC1B008F1D61 /* Build configuration list for PBXNativeTarget "TravelAppTests" */ = {
			isa = XCConfigurationList;
			buildConfigurations = (
				78EA3C942564AC1B008F1D61 /* Debug */,
				78EA3C952564AC1B008F1D61 /* Release */,
			);
			defaultConfigurationIsVisible = 0;
			defaultConfigurationName = Release;
		};
		78EA3C962564AC1B008F1D61 /* Build configuration list for PBXNativeTarget "TravelAppUITests" */ = {
			isa = XCConfigurationList;
			buildConfigurations = (
				78EA3C972564AC1B008F1D61 /* Debug */,
				78EA3C982564AC1B008F1D61 /* Release */,
			);
			defaultConfigurationIsVisible = 0;
			defaultConfigurationName = Release;
		};
/* End XCConfigurationList section */
	};
	rootObject = 78EA3C632564AC19008F1D61 /* Project object */;
}
